Microsoft Visual Studio Solution File, Format Version 12.00
# Visual Studio Version 16
VisualStudioVersion = 16.0.28922.388
MinimumVisualStudioVersion = 10.0.40219.1
Project("{9A19103F-16F7-4668-BE54-9A1E7A4F7556}") = "LiteGuard", "LiteGuard\LiteGuard.csproj", "{91C58BF7-315D-47C1-BA60-CC9BA0B779F8}"
EndProject
Project("{9A19103F-16F7-4668-BE54-9A1E7A4F7556}") = "LiteGuardTests", "LiteGuardTests\LiteGuardTests.csproj", "{CEB82628-CB56-415F-B278-37E57699BF09}"
EndProject
Project("{9A19103F-16F7-4668-BE54-9A1E7A4F7556}") = "Targets", "targets\Targets.csproj", "{552B86AE-2089-4789-B1FF-0461FDF5F5DC}"
EndProject
Global
	GlobalSection(SolutionConfigurationPlatforms) = preSolution
		Debug|Any CPU = Debug|Any CPU
		Release|Any CPU = Release|Any CPU
	EndGlobalSection
	GlobalSection(ProjectConfigurationPlatforms) = postSolution
		{91C58BF7-315D-47C1-BA60-CC9BA0B779F8}.Debug|Any CPU.ActiveCfg = Debug|Any CPU
		{91C58BF7-315D-47C1-BA60-CC9BA0B779F8}.Debug|Any CPU.Build.0 = Debug|Any CPU
		{91C58BF7-315D-47C1-BA60-CC9BA0B779F8}.Release|Any CPU.ActiveCfg = Release|Any CPU
		{91C58BF7-315D-47C1-BA60-CC9BA0B779F8}.Release|Any CPU.Build.0 = Release|Any CPU
		{CEB82628-CB56-415F-B278-37E57699BF09}.Debug|Any CPU.ActiveCfg = Debug|Any CPU
		{CEB82628-CB56-415F-B278-37E57699BF09}.Debug|Any CPU.Build.0 = Debug|Any CPU
		{CEB82628-CB56-415F-B278-37E57699BF09}.Release|Any CPU.ActiveCfg = Release|Any CPU
		{CEB82628-CB56-415F-B278-37E57699BF09}.Release|Any CPU.Build.0 = Release|Any CPU
		{552B86AE-2089-4789-B1FF-0461FDF5F5DC}.Debug|Any CPU.ActiveCfg = Debug|Any CPU
		{552B86AE-2089-4789-B1FF-0461FDF5F5DC}.Debug|Any CPU.Build.0 = Debug|Any CPU
		{552B86AE-2089-4789-B1FF-0461FDF5F5DC}.Release|Any CPU.ActiveCfg = Release|Any CPU
		{552B86AE-2089-4789-B1FF-0461FDF5F5DC}.Release|Any CPU.Build.0 = Release|Any CPU
	EndGlobalSection
	GlobalSection(SolutionProperties) = preSolution
		HideSolutionNode = FALSE
	EndGlobalSection
	GlobalSection(ExtensibilityGlobals) = postSolution
		SolutionGuid = {8354BA78-15BA-4931-9F19-6424A3F430F3}
	EndGlobalSection
EndGlobal
